
Microsoft Visual Studio Solution File, Format Version 12.00
# Visual Studio 2012
Project("{FAE04EC0-301F-11D3-BF4B-00C04F79EFBC}") = "Sample.iOS", "iOS\Sample.iOS.csproj", "{A27F0D3B-5FE6-41A3-AD28-CA288791EA06}"
EndProject
Project("{FAE04EC0-301F-11D3-BF4B-00C04F79EFBC}") = "LFLiveKit", "..\src\LFLiveKit\LFLiveKit.csproj", "{3453656C-E0D8-412F-91CE-7FE28B0F5644}"
EndProject
Global
	GlobalSection(SolutionConfigurationPlatforms) = preSolution
		Debug|iPhoneSimulator = Debug|iPhoneSimulator
		Release|iPhone = Release|iPhone
		Release|iPhoneSimulator = Release|iPhoneSimulator
		Debug|iPhone = Debug|iPhone
	EndGlobalSection
	GlobalSection(ProjectConfigurationPlatforms) = postSolution
		{A27F0D3B-5FE6-41A3-AD28-CA288791EA06}.Debug|iPhoneSimulator.ActiveCfg = Debug|iPhoneSimulator
		{A27F0D3B-5FE6-41A3-AD28-CA288791EA06}.Debug|iPhoneSimulator.Build.0 = Debug|iPhoneSimulator
		{A27F0D3B-5FE6-41A3-AD28-CA288791EA06}.Release|iPhone.ActiveCfg = Release|iPhone
		{A27F0D3B-5FE6-41A3-AD28-CA288791EA06}.Release|iPhone.Build.0 = Release|iPhone
		{A27F0D3B-5FE6-41A3-AD28-CA288791EA06}.Release|iPhoneSimulator.ActiveCfg = Release|iPhoneSimulator
		{A27F0D3B-5FE6-41A3-AD28-CA288791EA06}.Release|iPhoneSimulator.Build.0 = Release|iPhoneSimulator
		{A27F0D3B-5FE6-41A3-AD28-CA288791EA06}.Debug|iPhone.ActiveCfg = Debug|iPhone
		{A27F0D3B-5FE6-41A3-AD28-CA288791EA06}.Debug|iPhone.Build.0 = Debug|iPhone
		{3453656C-E0D8-412F-91CE-7FE28B0F5644}.Debug|iPhoneSimulator.ActiveCfg = Debug|Any CPU
		{3453656C-E0D8-412F-91CE-7FE28B0F5644}.Debug|iPhoneSimulator.Build.0 = Debug|Any CPU
		{3453656C-E0D8-412F-91CE-7FE28B0F5644}.Release|iPhone.ActiveCfg = Release|Any CPU
		{3453656C-E0D8-412F-91CE-7FE28B0F5644}.Release|iPhone.Build.0 = Release|Any CPU
		{3453656C-E0D8-412F-91CE-7FE28B0F5644}.Release|iPhoneSimulator.ActiveCfg = Release|Any CPU
		{3453656C-E0D8-412F-91CE-7FE28B0F5644}.Release|iPhoneSimulator.Build.0 = Release|Any CPU
		{3453656C-E0D8-412F-91CE-7FE28B0F5644}.Debug|iPhone.ActiveCfg = Debug|Any CPU
		{3453656C-E0D8-412F-91CE-7FE28B0F5644}.Debug|iPhone.Build.0 = Debug|Any CPU
	EndGlobalSection
EndGlobal
